
Microsoft Visual Studio Solution File, Format Version 12.00
# Visual Studio Version 16
VisualStudioVersion = 16.0.30611.23
MinimumVisualStudioVersion = 10.0.40219.1
Project("{FAE04EC0-301F-11D3-BF4B-00C04F79EFBC}") = "imagelist zad3", "imagelist zad3\imagelist zad3.csproj", "{73B533D3-6EB0-4FA3-BD07-81B9C4DB9B58}"
EndProject
Global
	GlobalSection(SolutionConfigurationPlatforms) = preSolution
		Debug|Any CPU = Debug|Any CPU
		Release|Any CPU = Release|Any CPU
	EndGlobalSection
	GlobalSection(ProjectConfigurationPlatforms) = postSolution
		{73B533D3-6EB0-4FA3-BD07-81B9C4DB9B58}.Debug|Any CPU.ActiveCfg = Debug|Any CPU
		{73B533D3-6EB0-4FA3-BD07-81B9C4DB9B58}.Debug|Any CPU.Build.0 = Debug|Any CPU
		{73B533D3-6EB0-4FA3-BD07-81B9C4DB9B58}.Release|Any CPU.ActiveCfg = Release|Any CPU
		{73B533D3-6EB0-4FA3-BD07-81B9C4DB9B58}.Release|Any CPU.Build.0 = Release|Any CPU
	EndGlobalSection
	GlobalSection(SolutionProperties) = preSolution
		HideSolutionNode = FALSE
	EndGlobalSection
	GlobalSection(ExtensibilityGlobals) = postSolution
		SolutionGuid = {C7FC1AE6-063C-40DB-B8E8-ED14DD2BBF6F}
	EndGlobalSection
EndGlobal
